
Microsoft Visual Studio Solution File, Format Version 12.00
# Visual Studio 15
VisualStudioVersion = 15.0.26403.7
MinimumVisualStudioVersion = 10.0.40219.1
Project("{FAE04EC0-301F-11D3-BF4B-00C04F79EFBC}") = "TempControl", "TempControl\TempControl.csproj", "{C6CAA884-15C6-4ECC-A301-75599A03CE12}"
EndProject
Project("{FAE04EC0-301F-11D3-BF4B-00C04F79EFBC}") = "WpfApp1", "WpfApp1\WpfApp1.csproj", "{5035DFA6-4A03-4042-A099-1BF92F9AD473}"
EndProject
Global
	GlobalSection(SolutionConfigurationPlatforms) = preSolution
		Debug|Any CPU = Debug|Any CPU
		Debug|ARM = Debug|ARM
		Debug|x64 = Debug|x64
		Debug|x86 = Debug|x86
		Release|Any CPU = Release|Any CPU
		Release|ARM = Release|ARM
		Release|x64 = Release|x64
		Release|x86 = Release|x86
	EndGlobalSection
	GlobalSection(ProjectConfigurationPlatforms) = postSolution
		{C6CAA884-15C6-4ECC-A301-75599A03CE12}.Debug|Any CPU.ActiveCfg = Debug|x86
		{C6CAA884-15C6-4ECC-A301-75599A03CE12}.Debug|ARM.ActiveCfg = Debug|ARM
		{C6CAA884-15C6-4ECC-A301-75599A03CE12}.Debug|ARM.Build.0 = Debug|ARM
		{C6CAA884-15C6-4ECC-A301-75599A03CE12}.Debug|ARM.Deploy.0 = Debug|ARM
		{C6CAA884-15C6-4ECC-A301-75599A03CE12}.Debug|x64.ActiveCfg = Debug|x64
		{C6CAA884-15C6-4ECC-A301-75599A03CE12}.Debug|x64.Build.0 = Debug|x64
		{C6CAA884-15C6-4ECC-A301-75599A03CE12}.Debug|x64.Deploy.0 = Debug|x64
		{C6CAA884-15C6-4ECC-A301-75599A03CE12}.Debug|x86.ActiveCfg = Debug|x86
		{C6CAA884-15C6-4ECC-A301-75599A03CE12}.Debug|x86.Build.0 = Debug|x86
		{C6CAA884-15C6-4ECC-A301-75599A03CE12}.Debug|x86.Deploy.0 = Debug|x86
		{C6CAA884-15C6-4ECC-A301-75599A03CE12}.Release|Any CPU.ActiveCfg = Release|x86
		{C6CAA884-15C6-4ECC-A301-75599A03CE12}.Release|ARM.ActiveCfg = Release|ARM
		{C6CAA884-15C6-4ECC-A301-75599A03CE12}.Release|ARM.Build.0 = Release|ARM
		{C6CAA884-15C6-4ECC-A301-75599A03CE12}.Release|ARM.Deploy.0 = Release|ARM
		{C6CAA884-15C6-4ECC-A301-75599A03CE12}.Release|x64.ActiveCfg = Release|x64
		{C6CAA884-15C6-4ECC-A301-75599A03CE12}.Release|x64.Build.0 = Release|x64
		{C6CAA884-15C6-4ECC-A301-75599A03CE12}.Release|x64.Deploy.0 = Release|x64
		{C6CAA884-15C6-4ECC-A301-75599A03CE12}.Release|x86.ActiveCfg = Release|x86
		{C6CAA884-15C6-4ECC-A301-75599A03CE12}.Release|x86.Build.0 = Release|x86
		{C6CAA884-15C6-4ECC-A301-75599A03CE12}.Release|x86.Deploy.0 = Release|x86
		{5035DFA6-4A03-4042-A099-1BF92F9AD473}.Debug|Any CPU.ActiveCfg = Debug|Any CPU
		{5035DFA6-4A03-4042-A099-1BF92F9AD473}.Debug|Any CPU.Build.0 = Debug|Any CPU
		{5035DFA6-4A03-4042-A099-1BF92F9AD473}.Debug|ARM.ActiveCfg = Debug|Any CPU
		{5035DFA6-4A03-4042-A099-1BF92F9AD473}.Debug|ARM.Build.0 = Debug|Any CPU
		{5035DFA6-4A03-4042-A099-1BF92F9AD473}.Debug|x64.ActiveCfg = Debug|Any CPU
		{5035DFA6-4A03-4042-A099-1BF92F9AD473}.Debug|x64.Build.0 = Debug|Any CPU
		{5035DFA6-4A03-4042-A099-1BF92F9AD473}.Debug|x86.ActiveCfg = Debug|Any CPU
		{5035DFA6-4A03-4042-A099-1BF92F9AD473}.Debug|x86.Build.0 = Debug|Any CPU
		{5035DFA6-4A03-4042-A099-1BF92F9AD473}.Release|Any CPU.ActiveCfg = Release|Any CPU
		{5035DFA6-4A03-4042-A099-1BF92F9AD473}.Release|Any CPU.Build.0 = Release|Any CPU
		{5035DFA6-4A03-4042-A099-1BF92F9AD473}.Release|ARM.ActiveCfg = Release|Any CPU
		{5035DFA6-4A03-4042-A099-1BF92F9AD473}.Release|ARM.Build.0 = Release|Any CPU
		{5035DFA6-4A03-4042-A099-1BF92F9AD473}.Release|x64.ActiveCfg = Release|Any CPU
		{5035DFA6-4A03-4042-A099-1BF92F9AD473}.Release|x64.Build.0 = Release|Any CPU
		{5035DFA6-4A03-4042-A099-1BF92F9AD473}.Release|x86.ActiveCfg = Release|Any CPU
		{5035DFA6-4A03-4042-A099-1BF92F9AD473}.Release|x86.Build.0 = Release|Any CPU
	EndGlobalSection
	GlobalSection(SolutionProperties) = preSolution
		HideSolutionNode = FALSE
	EndGlobalSection
EndGlobal
